
Microsoft Visual Studio Solution File, Format Version 12.00
# Visual Studio Version 16
VisualStudioVersion = 16.0.808.10
MinimumVisualStudioVersion = 10.0.40219.1
Project("{FAE04EC0-301F-11D3-BF4B-00C04F79EFBC}") = "my-new-app", "my-new-app.csproj", "{FF5D2585-1236-4DAB-AE4E-6BA8A9E17EB6}"
EndProject
Global
	GlobalSection(SolutionConfigurationPlatforms) = preSolution
		Debug|Any CPU = Debug|Any CPU
		Release|Any CPU = Release|Any CPU
	EndGlobalSection
	GlobalSection(ProjectConfigurationPlatforms) = postSolution
		{FF5D2585-1236-4DAB-AE4E-6BA8A9E17EB6}.Debug|Any CPU.ActiveCfg = Debug|Any CPU
		{FF5D2585-1236-4DAB-AE4E-6BA8A9E17EB6}.Debug|Any CPU.Build.0 = Debug|Any CPU
		{FF5D2585-1236-4DAB-AE4E-6BA8A9E17EB6}.Release|Any CPU.ActiveCfg = Release|Any CPU
		{FF5D2585-1236-4DAB-AE4E-6BA8A9E17EB6}.Release|Any CPU.Build.0 = Release|Any CPU
	EndGlobalSection
	GlobalSection(SolutionProperties) = preSolution
		HideSolutionNode = FALSE
	EndGlobalSection
	GlobalSection(ExtensibilityGlobals) = postSolution
		SolutionGuid = {ED732439-6274-49DF-944E-625EBA296DF7}
	EndGlobalSection
EndGlobal
